
Microsoft Visual Studio Solution File, Format Version 12.00
# Visual Studio Version 16
VisualStudioVersion = 16.0.33130.400
MinimumVisualStudioVersion = 10.0.40219.1
Project("{FAE04EC0-301F-11D3-BF4B-00C04F79EFBC}") = "TrainConfigurator", "TrainConfigurator\TrainConfigurator.csproj", "{3A2179B5-6F60-475F-9A5D-DC42803A9094}"
EndProject
Global
	GlobalSection(SolutionConfigurationPlatforms) = preSolution
		Debug|Any CPU = Debug|Any CPU
		Release|Any CPU = Release|Any CPU
	EndGlobalSection
	GlobalSection(ProjectConfigurationPlatforms) = postSolution
		{3A2179B5-6F60-475F-9A5D-DC42803A9094}.Debug|Any CPU.ActiveCfg = Debug|Any CPU
		{3A2179B5-6F60-475F-9A5D-DC42803A9094}.Debug|Any CPU.Build.0 = Debug|Any CPU
		{3A2179B5-6F60-475F-9A5D-DC42803A9094}.Release|Any CPU.ActiveCfg = Release|Any CPU
		{3A2179B5-6F60-475F-9A5D-DC42803A9094}.Release|Any CPU.Build.0 = Release|Any CPU
	EndGlobalSection
	GlobalSection(SolutionProperties) = preSolution
		HideSolutionNode = FALSE
	EndGlobalSection
	GlobalSection(ExtensibilityGlobals) = postSolution
		SolutionGuid = {3D0786A2-A8C5-42ED-8A62-9DAE3880BCB0}
	EndGlobalSection
EndGlobal
